
Microsoft Visual Studio Solution File, Format Version 12.00
# Visual Studio Version 17
VisualStudioVersion = 17.3.32825.248
MinimumVisualStudioVersion = 10.0.40219.1
Project("{8BC9CEB8-8B4A-11D0-8D11-00A0C91BC942}") = "apps__hello_nodec", "apps__hello_nodec\apps__hello_nodec.vcxproj", "{7EB602D2-8020-4BD3-A7BB-98E1A835C2CF}"
EndProject
Project("{8BC9CEB8-8B4A-11D0-8D11-00A0C91BC942}") = "nodec", "nodec\nodec.vcxproj", "{FFF84F6F-987C-4FDA-9BE1-34C38F3C428E}"
EndProject
Project("{8BC9CEB8-8B4A-11D0-8D11-00A0C91BC942}") = "modules__imelements", "modules__imelements\modules__imelements.vcxproj", "{8492C4CC-C785-4C6D-8506-1BA07CC0F680}"
EndProject
Project("{8BC9CEB8-8B4A-11D0-8D11-00A0C91BC942}") = "modules__imgui", "modules__imgui\modules__imgui.vcxproj", "{CE2A67E7-EBAB-4C9A-B602-D7F77983EC71}"
EndProject
Project("{8BC9CEB8-8B4A-11D0-8D11-00A0C91BC942}") = "platforms__game_editor__main", "platforms__game_editor__main\platforms__game_editor__main.vcxproj", "{5D1D1730-7498-4964-B4E0-A04C4BDFF29A}"
EndProject
Project("{8BC9CEB8-8B4A-11D0-8D11-00A0C91BC942}") = "platforms__game_engine__common", "platforms__game_engine__common\platforms__game_engine__common.vcxproj", "{CD884FA1-137C-428F-A299-9920B8333CCD}"
EndProject
Project("{2150E333-8FDC-42A3-9474-1A3956D46DE8}") = "ソリューション項目", "ソリューション項目", "{D002F809-DA31-4F75-AC74-B798A77DA93E}"
	ProjectSection(SolutionItems) = preProject
		..\nodec\.clang-format = ..\nodec\.clang-format
	EndProjectSection
EndProject
Global
	GlobalSection(SolutionConfigurationPlatforms) = preSolution
		Debug|x64 = Debug|x64
		Debug|x86 = Debug|x86
		Release|x64 = Release|x64
		Release|x86 = Release|x86
	EndGlobalSection
	GlobalSection(ProjectConfigurationPlatforms) = postSolution
		{7EB602D2-8020-4BD3-A7BB-98E1A835C2CF}.Debug|x64.ActiveCfg = Debug|x64
		{7EB602D2-8020-4BD3-A7BB-98E1A835C2CF}.Debug|x64.Build.0 = Debug|x64
		{7EB602D2-8020-4BD3-A7BB-98E1A835C2CF}.Debug|x86.ActiveCfg = Debug|Win32
		{7EB602D2-8020-4BD3-A7BB-98E1A835C2CF}.Debug|x86.Build.0 = Debug|Win32
		{7EB602D2-8020-4BD3-A7BB-98E1A835C2CF}.Release|x64.ActiveCfg = Release|x64
		{7EB602D2-8020-4BD3-A7BB-98E1A835C2CF}.Release|x64.Build.0 = Release|x64
		{7EB602D2-8020-4BD3-A7BB-98E1A835C2CF}.Release|x86.ActiveCfg = Release|Win32
		{7EB602D2-8020-4BD3-A7BB-98E1A835C2CF}.Release|x86.Build.0 = Release|Win32
		{FFF84F6F-987C-4FDA-9BE1-34C38F3C428E}.Debug|x64.ActiveCfg = Debug|x64
		{FFF84F6F-987C-4FDA-9BE1-34C38F3C428E}.Debug|x64.Build.0 = Debug|x64
		{FFF84F6F-987C-4FDA-9BE1-34C38F3C428E}.Debug|x86.ActiveCfg = Debug|Win32
		{FFF84F6F-987C-4FDA-9BE1-34C38F3C428E}.Debug|x86.Build.0 = Debug|Win32
		{FFF84F6F-987C-4FDA-9BE1-34C38F3C428E}.Release|x64.ActiveCfg = Release|x64
		{FFF84F6F-987C-4FDA-9BE1-34C38F3C428E}.Release|x64.Build.0 = Release|x64
		{FFF84F6F-987C-4FDA-9BE1-34C38F3C428E}.Release|x86.ActiveCfg = Release|Win32
		{FFF84F6F-987C-4FDA-9BE1-34C38F3C428E}.Release|x86.Build.0 = Release|Win32
		{8492C4CC-C785-4C6D-8506-1BA07CC0F680}.Debug|x64.ActiveCfg = Debug|x64
		{8492C4CC-C785-4C6D-8506-1BA07CC0F680}.Debug|x64.Build.0 = Debug|x64
		{8492C4CC-C785-4C6D-8506-1BA07CC0F680}.Debug|x86.ActiveCfg = Debug|Win32
		{8492C4CC-C785-4C6D-8506-1BA07CC0F680}.Debug|x86.Build.0 = Debug|Win32
		{8492C4CC-C785-4C6D-8506-1BA07CC0F680}.Release|x64.ActiveCfg = Release|x64
		{8492C4CC-C785-4C6D-8506-1BA07CC0F680}.Release|x64.Build.0 = Release|x64
		{8492C4CC-C785-4C6D-8506-1BA07CC0F680}.Release|x86.ActiveCfg = Release|Win32
		{8492C4CC-C785-4C6D-8506-1BA07CC0F680}.Release|x86.Build.0 = Release|Win32
		{CE2A67E7-EBAB-4C9A-B602-D7F77983EC71}.Debug|x64.ActiveCfg = Debug|x64
		{CE2A67E7-EBAB-4C9A-B602-D7F77983EC71}.Debug|x64.Build.0 = Debug|x64
		{CE2A67E7-EBAB-4C9A-B602-D7F77983EC71}.Debug|x86.ActiveCfg = Debug|Win32
		{CE2A67E7-EBAB-4C9A-B602-D7F77983EC71}.Debug|x86.Build.0 = Debug|Win32
		{CE2A67E7-EBAB-4C9A-B602-D7F77983EC71}.Release|x64.ActiveCfg = Release|x64
		{CE2A67E7-EBAB-4C9A-B602-D7F77983EC71}.Release|x64.Build.0 = Release|x64
		{CE2A67E7-EBAB-4C9A-B602-D7F77983EC71}.Release|x86.ActiveCfg = Release|Win32
		{CE2A67E7-EBAB-4C9A-B602-D7F77983EC71}.Release|x86.Build.0 = Release|Win32
		{5D1D1730-7498-4964-B4E0-A04C4BDFF29A}.Debug|x64.ActiveCfg = Debug|x64
		{5D1D1730-7498-4964-B4E0-A04C4BDFF29A}.Debug|x64.Build.0 = Debug|x64
		{5D1D1730-7498-4964-B4E0-A04C4BDFF29A}.Debug|x86.ActiveCfg = Debug|Win32
		{5D1D1730-7498-4964-B4E0-A04C4BDFF29A}.Debug|x86.Build.0 = Debug|Win32
		{5D1D1730-7498-4964-B4E0-A04C4BDFF29A}.Release|x64.ActiveCfg = Release|x64
		{5D1D1730-7498-4964-B4E0-A04C4BDFF29A}.Release|x64.Build.0 = Release|x64
		{5D1D1730-7498-4964-B4E0-A04C4BDFF29A}.Release|x86.ActiveCfg = Release|Win32
		{5D1D1730-7498-4964-B4E0-A04C4BDFF29A}.Release|x86.Build.0 = Release|Win32
		{CD884FA1-137C-428F-A299-9920B8333CCD}.Debug|x64.ActiveCfg = Debug|x64
		{CD884FA1-137C-428F-A299-9920B8333CCD}.Debug|x64.Build.0 = Debug|x64
		{CD884FA1-137C-428F-A299-9920B8333CCD}.Debug|x86.ActiveCfg = Debug|Win32
		{CD884FA1-137C-428F-A299-9920B8333CCD}.Debug|x86.Build.0 = Debug|Win32
		{CD884FA1-137C-428F-A299-9920B8333CCD}.Release|x64.ActiveCfg = Release|x64
		{CD884FA1-137C-428F-A299-9920B8333CCD}.Release|x64.Build.0 = Release|x64
		{CD884FA1-137C-428F-A299-9920B8333CCD}.Release|x86.ActiveCfg = Release|Win32
		{CD884FA1-137C-428F-A299-9920B8333CCD}.Release|x86.Build.0 = Release|Win32
	EndGlobalSection
	GlobalSection(SolutionProperties) = preSolution
		HideSolutionNode = FALSE
	EndGlobalSection
	GlobalSection(ExtensibilityGlobals) = postSolution
		SolutionGuid = {9312A181-2452-404F-B395-155EA8A2993E}
	EndGlobalSection
EndGlobal
